
Microsoft Visual Studio Solution File, Format Version 12.00
# Visual Studio 14
VisualStudioVersion = 14.0.25420.1
MinimumVisualStudioVersion = 10.0.40219.1
Project("{FAE04EC0-301F-11D3-BF4B-00C04F79EFBC}") = "MyApi", "MyApi\MyApi.csproj", "{C9AF0D0F-1F7A-49A7-B157-DDD9653F0BEA}"
EndProject
Project("{FAE04EC0-301F-11D3-BF4B-00C04F79EFBC}") = "MyApi.Data", "MyApi.Data\MyApi.Data.csproj", "{C5342BAE-DDE1-4C18-91BE-BBCEDB84D0D4}"
EndProject
Global
	GlobalSection(SolutionConfigurationPlatforms) = preSolution
		Debug|Any CPU = Debug|Any CPU
		Release|Any CPU = Release|Any CPU
	EndGlobalSection
	GlobalSection(ProjectConfigurationPlatforms) = postSolution
		{C9AF0D0F-1F7A-49A7-B157-DDD9653F0BEA}.Debug|Any CPU.ActiveCfg = Debug|Any CPU
		{C9AF0D0F-1F7A-49A7-B157-DDD9653F0BEA}.Debug|Any CPU.Build.0 = Debug|Any CPU
		{C9AF0D0F-1F7A-49A7-B157-DDD9653F0BEA}.Release|Any CPU.ActiveCfg = Release|Any CPU
		{C9AF0D0F-1F7A-49A7-B157-DDD9653F0BEA}.Release|Any CPU.Build.0 = Release|Any CPU
		{C5342BAE-DDE1-4C18-91BE-BBCEDB84D0D4}.Debug|Any CPU.ActiveCfg = Debug|Any CPU
		{C5342BAE-DDE1-4C18-91BE-BBCEDB84D0D4}.Debug|Any CPU.Build.0 = Debug|Any CPU
		{C5342BAE-DDE1-4C18-91BE-BBCEDB84D0D4}.Release|Any CPU.ActiveCfg = Release|Any CPU
		{C5342BAE-DDE1-4C18-91BE-BBCEDB84D0D4}.Release|Any CPU.Build.0 = Release|Any CPU
	EndGlobalSection
	GlobalSection(SolutionProperties) = preSolution
		HideSolutionNode = FALSE
	EndGlobalSection
EndGlobal
